
Microsoft Visual Studio Solution File, Format Version 12.00
# Visual Studio Version 17
VisualStudioVersion = 17.1.32328.378
MinimumVisualStudioVersion = 10.0.40219.1
Project("{FAE04EC0-301F-11D3-BF4B-00C04F79EFBC}") = "PROIECT_PAW", "PROIECT_PAW\PROIECT_PAW.csproj", "{B4AA7B1A-D8EB-4637-B350-CFB9F6AC886E}"
EndProject
Global
	GlobalSection(SolutionConfigurationPlatforms) = preSolution
		Debug|Any CPU = Debug|Any CPU
		Release|Any CPU = Release|Any CPU
	EndGlobalSection
	GlobalSection(ProjectConfigurationPlatforms) = postSolution
		{B4AA7B1A-D8EB-4637-B350-CFB9F6AC886E}.Debug|Any CPU.ActiveCfg = Debug|Any CPU
		{B4AA7B1A-D8EB-4637-B350-CFB9F6AC886E}.Debug|Any CPU.Build.0 = Debug|Any CPU
		{B4AA7B1A-D8EB-4637-B350-CFB9F6AC886E}.Release|Any CPU.ActiveCfg = Release|Any CPU
		{B4AA7B1A-D8EB-4637-B350-CFB9F6AC886E}.Release|Any CPU.Build.0 = Release|Any CPU
	EndGlobalSection
	GlobalSection(SolutionProperties) = preSolution
		HideSolutionNode = FALSE
	EndGlobalSection
	GlobalSection(ExtensibilityGlobals) = postSolution
		SolutionGuid = {A1478641-4FB7-409C-958F-2BE2DAC34D4D}
	EndGlobalSection
EndGlobal
